
Microsoft Visual Studio Solution File, Format Version 12.00
# Visual Studio Version 16
VisualStudioVersion = 16.0.30413.136
MinimumVisualStudioVersion = 10.0.40219.1
Project("{FAE04EC0-301F-11D3-BF4B-00C04F79EFBC}") = "WeeksArrays", "WeeksArrays\WeeksArrays.csproj", "{1CA5D679-58CE-4B6E-9592-7455102EE5B8}"
EndProject
Global
	GlobalSection(SolutionConfigurationPlatforms) = preSolution
		Debug|Any CPU = Debug|Any CPU
		Release|Any CPU = Release|Any CPU
	EndGlobalSection
	GlobalSection(ProjectConfigurationPlatforms) = postSolution
		{1CA5D679-58CE-4B6E-9592-7455102EE5B8}.Debug|Any CPU.ActiveCfg = Debug|Any CPU
		{1CA5D679-58CE-4B6E-9592-7455102EE5B8}.Debug|Any CPU.Build.0 = Debug|Any CPU
		{1CA5D679-58CE-4B6E-9592-7455102EE5B8}.Release|Any CPU.ActiveCfg = Release|Any CPU
		{1CA5D679-58CE-4B6E-9592-7455102EE5B8}.Release|Any CPU.Build.0 = Release|Any CPU
	EndGlobalSection
	GlobalSection(SolutionProperties) = preSolution
		HideSolutionNode = FALSE
	EndGlobalSection
	GlobalSection(ExtensibilityGlobals) = postSolution
		SolutionGuid = {39DE5014-47EE-4C84-8359-310678349D79}
	EndGlobalSection
EndGlobal
